
Microsoft Visual Studio Solution File, Format Version 12.00
# Visual Studio 15
VisualStudioVersion = 15.0.26124.0
MinimumVisualStudioVersion = 15.0.26124.0
Project("{FAE04EC0-301F-11D3-BF4B-00C04F79EFBC}") = "Domain", "Domain\Domain.csproj", "{E8AD8B8A-4B55-4D38-913F-63B87473F854}"
EndProject
Project("{FAE04EC0-301F-11D3-BF4B-00C04F79EFBC}") = "Application", "Application\Application.csproj", "{1637265A-4C24-4DBE-A2DE-8E0C13E6375A}"
EndProject
Project("{FAE04EC0-301F-11D3-BF4B-00C04F79EFBC}") = "Persistence", "Persistence\Persistence.csproj", "{729E996F-0018-47DE-9EC7-BCA0A9E2CE3C}"
EndProject
Project("{FAE04EC0-301F-11D3-BF4B-00C04F79EFBC}") = "API", "API\API.csproj", "{2EC2DB64-18AB-4CC0-921C-C6443F8F52CC}"
EndProject
Global
	GlobalSection(SolutionConfigurationPlatforms) = preSolution
		Debug|Any CPU = Debug|Any CPU
		Debug|x64 = Debug|x64
		Debug|x86 = Debug|x86
		Release|Any CPU = Release|Any CPU
		Release|x64 = Release|x64
		Release|x86 = Release|x86
	EndGlobalSection
	GlobalSection(SolutionProperties) = preSolution
		HideSolutionNode = FALSE
	EndGlobalSection
	GlobalSection(ProjectConfigurationPlatforms) = postSolution
		{E8AD8B8A-4B55-4D38-913F-63B87473F854}.Debug|Any CPU.ActiveCfg = Debug|Any CPU
		{E8AD8B8A-4B55-4D38-913F-63B87473F854}.Debug|Any CPU.Build.0 = Debug|Any CPU
		{E8AD8B8A-4B55-4D38-913F-63B87473F854}.Debug|x64.ActiveCfg = Debug|Any CPU
		{E8AD8B8A-4B55-4D38-913F-63B87473F854}.Debug|x64.Build.0 = Debug|Any CPU
		{E8AD8B8A-4B55-4D38-913F-63B87473F854}.Debug|x86.ActiveCfg = Debug|Any CPU
		{E8AD8B8A-4B55-4D38-913F-63B87473F854}.Debug|x86.Build.0 = Debug|Any CPU
		{E8AD8B8A-4B55-4D38-913F-63B87473F854}.Release|Any CPU.ActiveCfg = Release|Any CPU
		{E8AD8B8A-4B55-4D38-913F-63B87473F854}.Release|Any CPU.Build.0 = Release|Any CPU
		{E8AD8B8A-4B55-4D38-913F-63B87473F854}.Release|x64.ActiveCfg = Release|Any CPU
		{E8AD8B8A-4B55-4D38-913F-63B87473F854}.Release|x64.Build.0 = Release|Any CPU
		{E8AD8B8A-4B55-4D38-913F-63B87473F854}.Release|x86.ActiveCfg = Release|Any CPU
		{E8AD8B8A-4B55-4D38-913F-63B87473F854}.Release|x86.Build.0 = Release|Any CPU
		{1637265A-4C24-4DBE-A2DE-8E0C13E6375A}.Debug|Any CPU.ActiveCfg = Debug|Any CPU
		{1637265A-4C24-4DBE-A2DE-8E0C13E6375A}.Debug|Any CPU.Build.0 = Debug|Any CPU
		{1637265A-4C24-4DBE-A2DE-8E0C13E6375A}.Debug|x64.ActiveCfg = Debug|Any CPU
		{1637265A-4C24-4DBE-A2DE-8E0C13E6375A}.Debug|x64.Build.0 = Debug|Any CPU
		{1637265A-4C24-4DBE-A2DE-8E0C13E6375A}.Debug|x86.ActiveCfg = Debug|Any CPU
		{1637265A-4C24-4DBE-A2DE-8E0C13E6375A}.Debug|x86.Build.0 = Debug|Any CPU
		{1637265A-4C24-4DBE-A2DE-8E0C13E6375A}.Release|Any CPU.ActiveCfg = Release|Any CPU
		{1637265A-4C24-4DBE-A2DE-8E0C13E6375A}.Release|Any CPU.Build.0 = Release|Any CPU
		{1637265A-4C24-4DBE-A2DE-8E0C13E6375A}.Release|x64.ActiveCfg = Release|Any CPU
		{1637265A-4C24-4DBE-A2DE-8E0C13E6375A}.Release|x64.Build.0 = Release|Any CPU
		{1637265A-4C24-4DBE-A2DE-8E0C13E6375A}.Release|x86.ActiveCfg = Release|Any CPU
		{1637265A-4C24-4DBE-A2DE-8E0C13E6375A}.Release|x86.Build.0 = Release|Any CPU
		{729E996F-0018-47DE-9EC7-BCA0A9E2CE3C}.Debug|Any CPU.ActiveCfg = Debug|Any CPU
		{729E996F-0018-47DE-9EC7-BCA0A9E2CE3C}.Debug|Any CPU.Build.0 = Debug|Any CPU
		{729E996F-0018-47DE-9EC7-BCA0A9E2CE3C}.Debug|x64.ActiveCfg = Debug|Any CPU
		{729E996F-0018-47DE-9EC7-BCA0A9E2CE3C}.Debug|x64.Build.0 = Debug|Any CPU
		{729E996F-0018-47DE-9EC7-BCA0A9E2CE3C}.Debug|x86.ActiveCfg = Debug|Any CPU
		{729E996F-0018-47DE-9EC7-BCA0A9E2CE3C}.Debug|x86.Build.0 = Debug|Any CPU
		{729E996F-0018-47DE-9EC7-BCA0A9E2CE3C}.Release|Any CPU.ActiveCfg = Release|Any CPU
		{729E996F-0018-47DE-9EC7-BCA0A9E2CE3C}.Release|Any CPU.Build.0 = Release|Any CPU
		{729E996F-0018-47DE-9EC7-BCA0A9E2CE3C}.Release|x64.ActiveCfg = Release|Any CPU
		{729E996F-0018-47DE-9EC7-BCA0A9E2CE3C}.Release|x64.Build.0 = Release|Any CPU
		{729E996F-0018-47DE-9EC7-BCA0A9E2CE3C}.Release|x86.ActiveCfg = Release|Any CPU
		{729E996F-0018-47DE-9EC7-BCA0A9E2CE3C}.Release|x86.Build.0 = Release|Any CPU
		{2EC2DB64-18AB-4CC0-921C-C6443F8F52CC}.Debug|Any CPU.ActiveCfg = Debug|Any CPU
		{2EC2DB64-18AB-4CC0-921C-C6443F8F52CC}.Debug|Any CPU.Build.0 = Debug|Any CPU
		{2EC2DB64-18AB-4CC0-921C-C6443F8F52CC}.Debug|x64.ActiveCfg = Debug|Any CPU
		{2EC2DB64-18AB-4CC0-921C-C6443F8F52CC}.Debug|x64.Build.0 = Debug|Any CPU
		{2EC2DB64-18AB-4CC0-921C-C6443F8F52CC}.Debug|x86.ActiveCfg = Debug|Any CPU
		{2EC2DB64-18AB-4CC0-921C-C6443F8F52CC}.Debug|x86.Build.0 = Debug|Any CPU
		{2EC2DB64-18AB-4CC0-921C-C6443F8F52CC}.Release|Any CPU.ActiveCfg = Release|Any CPU
		{2EC2DB64-18AB-4CC0-921C-C6443F8F52CC}.Release|Any CPU.Build.0 = Release|Any CPU
		{2EC2DB64-18AB-4CC0-921C-C6443F8F52CC}.Release|x64.ActiveCfg = Release|Any CPU
		{2EC2DB64-18AB-4CC0-921C-C6443F8F52CC}.Release|x64.Build.0 = Release|Any CPU
		{2EC2DB64-18AB-4CC0-921C-C6443F8F52CC}.Release|x86.ActiveCfg = Release|Any CPU
		{2EC2DB64-18AB-4CC0-921C-C6443F8F52CC}.Release|x86.Build.0 = Release|Any CPU
	EndGlobalSection
EndGlobal
